
Microsoft Visual Studio Solution File, Format Version 12.00
# Visual Studio Version 17
VisualStudioVersion = 17.0.31903.59
MinimumVisualStudioVersion = 10.0.40219.1
Project("{FAE04EC0-301F-11D3-BF4B-00C04F79EFBC}") = "BinarySearchGeneric", "BinarySearchGeneric\BinarySearchGeneric.csproj", "{69B77C15-94B0-4134-875B-DE4229A6D168}"
EndProject
Project("{FAE04EC0-301F-11D3-BF4B-00C04F79EFBC}") = "BinarySearch.Tests", "BinarySearch.Tests\BinarySearch.Tests.csproj", "{33615E3C-F364-4EA6-A6E9-33C53A391C43}"
EndProject
Global
	GlobalSection(SolutionConfigurationPlatforms) = preSolution
		Debug|Any CPU = Debug|Any CPU
		Release|Any CPU = Release|Any CPU
	EndGlobalSection
	GlobalSection(ProjectConfigurationPlatforms) = postSolution
		{69B77C15-94B0-4134-875B-DE4229A6D168}.Debug|Any CPU.ActiveCfg = Debug|Any CPU
		{69B77C15-94B0-4134-875B-DE4229A6D168}.Debug|Any CPU.Build.0 = Debug|Any CPU
		{69B77C15-94B0-4134-875B-DE4229A6D168}.Release|Any CPU.ActiveCfg = Release|Any CPU
		{69B77C15-94B0-4134-875B-DE4229A6D168}.Release|Any CPU.Build.0 = Release|Any CPU
		{33615E3C-F364-4EA6-A6E9-33C53A391C43}.Debug|Any CPU.ActiveCfg = Debug|Any CPU
		{33615E3C-F364-4EA6-A6E9-33C53A391C43}.Debug|Any CPU.Build.0 = Debug|Any CPU
		{33615E3C-F364-4EA6-A6E9-33C53A391C43}.Release|Any CPU.ActiveCfg = Release|Any CPU
		{33615E3C-F364-4EA6-A6E9-33C53A391C43}.Release|Any CPU.Build.0 = Release|Any CPU
	EndGlobalSection
	GlobalSection(SolutionProperties) = preSolution
		HideSolutionNode = FALSE
	EndGlobalSection
	GlobalSection(ExtensibilityGlobals) = postSolution
		SolutionGuid = {1F1A02A9-C65C-43AF-B4D0-5409FC690AD6}
	EndGlobalSection
EndGlobal
